// !$*UTF8*$!
{
	archiveVersion = 1;
	classes = {
	};
	objectVersion = 55;
	objects = {

/* Begin PBXBuildFile section */
		432C0D6127DBC6F10024A667 /* AppDelegate.swift in Sources */ = {isa = PBXBuildFile; fileRef = 432C0D6027DBC6F10024A667 /* AppDelegate.swift */; };
		432C0D6327DBC6F10024A667 /* SceneDelegate.swift in Sources */ = {isa = PBXBuildFile; fileRef = 432C0D6227DBC6F10024A667 /* SceneDelegate.swift */; };
		432C0D6527DBC6F10024A667 /* ViewController.swift in Sources */ = {isa = PBXBuildFile; fileRef = 432C0D6427DBC6F10024A667 /* ViewController.swift */; };
		432C0D6827DBC6F10024A667 /* Main.storyboard in Resources */ = {isa = PBXBuildFile; fileRef = 432C0D6627DBC6F10024A667 /* Main.storyboard */; };
		432C0D6A27DBC6F20024A667 /* Assets.xcassets in Resources */ = {isa = PBXBuildFile; fileRef = 432C0D6927DBC6F20024A667 /* Assets.xcassets */; };
		432C0D6D27DBC6F20024A667 /* LaunchScreen.storyboard in Resources */ = {isa = PBXBuildFile; fileRef = 432C0D6B27DBC6F20024A667 /* LaunchScreen.storyboard */; };
		432C0D7827DBC6F20024A667 /* FLOTests.swift in Sources */ = {isa = PBXBuildFile; fileRef = 432C0D7727DBC6F20024A667 /* FLOTests.swift */; };
		432C0D8227DBC6F20024A667 /* FLOUITests.swift in Sources */ = {isa = PBXBuildFile; fileRef = 432C0D8127DBC6F20024A667 /* FLOUITests.swift */; };
		432C0D8427DBC6F20024A667 /* FLOUITestsLaunchTests.swift in Sources */ = {isa = PBXBuildFile; fileRef = 432C0D8327DBC6F20024A667 /* FLOUITestsLaunchTests.swift */; };
		432C0D9927DBDD2F0024A667 /* Repository.swift in Sources */ = {isa = PBXBuildFile; fileRef = 432C0D9827DBDD2F0024A667 /* Repository.swift */; };
		432C0D9B27DBE4FA0024A667 /* Service.swift in Sources */ = {isa = PBXBuildFile; fileRef = 432C0D9A27DBE4FA0024A667 /* Service.swift */; };
		4336E66227F17B6E00F71EA8 /* Music.swift in Sources */ = {isa = PBXBuildFile; fileRef = 4336E66127F17B6E00F71EA8 /* Music.swift */; };
		4336E66527F17C0500F71EA8 /* Lottie in Frameworks */ = {isa = PBXBuildFile; productRef = 4336E66427F17C0500F71EA8 /* Lottie */; };
		438FBA7727E1BFC7006989E7 /* ViewModel.swift in Sources */ = {isa = PBXBuildFile; fileRef = 438FBA7627E1BFC7006989E7 /* ViewModel.swift */; };
		438FBA7A27E1ED6D006989E7 /* MarqueeLabel in Frameworks */ = {isa = PBXBuildFile; productRef = 438FBA7927E1ED6D006989E7 /* MarqueeLabel */; };
		438FBA7C27E2429D006989E7 /* Observable.swift in Sources */ = {isa = PBXBuildFile; fileRef = 438FBA7B27E2429D006989E7 /* Observable.swift */; };
		438FBA7E27E25727006989E7 /* MusicPlayer.swift in Sources */ = {isa = PBXBuildFile; fileRef = 438FBA7D27E25727006989E7 /* MusicPlayer.swift */; };
		439690D727DF2D02001A8626 /* Router.swift in Sources */ = {isa = PBXBuildFile; fileRef = 439690D627DF2D02001A8626 /* Router.swift */; };
/* End PBXBuildFile section */

/* Begin PBXContainerItemProxy section */
		432C0D7427DBC6F20024A667 /* PBXContainerItemProxy */ = {
			isa = PBXContainerItemProxy;
			containerPortal = 432C0D5527DBC6F10024A667 /* Project object */;
			proxyType = 1;
			remoteGlobalIDString = 432C0D5C27DBC6F10024A667;
			remoteInfo = FLO;
		};
		432C0D7E27DBC6F20024A667 /* PBXContainerItemProxy */ = {
			isa = PBXContainerItemProxy;
			containerPortal = 432C0D5527DBC6F10024A667 /* Project object */;
			proxyType = 1;
			remoteGlobalIDString = 432C0D5C27DBC6F10024A667;
			remoteInfo = FLO;
		};
/* End PBXContainerItemProxy section */

/* Begin PBXFileReference section */
		432C0D5D27DBC6F10024A667 /* FLO.app */ = {isa = PBXFileReference; explicitFileType = wrapper.application; includeInIndex = 0; path = FLO.app; sourceTree = BUILT_PRODUCTS_DIR; };
		432C0D6027DBC6F10024A667 /* AppDelegate.swift */ = {isa = PBXFileReference; lastKnownFileType = sourcecode.swift; path = AppDelegate.swift; sourceTree = "<group>"; };
		432C0D6227DBC6F10024A667 /* SceneDelegate.swift */ = {isa = PBXFileReference; lastKnownFileType = sourcecode.swift; path = SceneDelegate.swift; sourceTree = "<group>"; };
		432C0D6427DBC6F10024A667 /* ViewController.swift */ = {isa = PBXFileReference; lastKnownFileType = sourcecode.swift; path = ViewController.swift; sourceTree = "<group>"; };
		432C0D6727DBC6F10024A667 /* Base */ = {isa = PBXFileReference; lastKnownFileType = file.storyboard; name = Base; path = Base.lproj/Main.storyboard; sourceTree = "<group>"; };
		432C0D6927DBC6F20024A667 /* Assets.xcassets */ = {isa = PBXFileReference; lastKnownFileType = folder.assetcatalog; path = Assets.xcassets; sourceTree = "<group>"; };
		432C0D6C27DBC6F20024A667 /* Base */ = {isa = PBXFileReference; lastKnownFileType = file.storyboard; name = Base; path = Base.lproj/LaunchScreen.storyboard; sourceTree = "<group>"; };
		432C0D6E27DBC6F20024A667 /* Info.plist */ = {isa = PBXFileReference; lastKnownFileType = text.plist.xml; path = Info.plist; sourceTree = "<group>"; };
		432C0D7327DBC6F20024A667 /* FLOTests.xctest */ = {isa = PBXFileReference; explicitFileType = wrapper.cfbundle; includeInIndex = 0; path = FLOTests.xctest; sourceTree = BUILT_PRODUCTS_DIR; };
		432C0D7727DBC6F20024A667 /* FLOTests.swift */ = {isa = PBXFileReference; lastKnownFileType = sourcecode.swift; path = FLOTests.swift; sourceTree = "<group>"; };
		432C0D7D27DBC6F20024A667 /* FLOUITests.xctest */ = {isa = PBXFileReference; explicitFileType = wrapper.cfbundle; includeInIndex = 0; path = FLOUITests.xctest; sourceTree = BUILT_PRODUCTS_DIR; };
		432C0D8127DBC6F20024A667 /* FLOUITests.swift */ = {isa = PBXFileReference; lastKnownFileType = sourcecode.swift; path = FLOUITests.swift; sourceTree = "<group>"; };
		432C0D8327DBC6F20024A667 /* FLOUITestsLaunchTests.swift */ = {isa = PBXFileReference; lastKnownFileType = sourcecode.swift; path = FLOUITestsLaunchTests.swift; sourceTree = "<group>"; };
		432C0D9827DBDD2F0024A667 /* Repository.swift */ = {isa = PBXFileReference; lastKnownFileType = sourcecode.swift; path = Repository.swift; sourceTree = "<group>"; };
		432C0D9A27DBE4FA0024A667 /* Service.swift */ = {isa = PBXFileReference; lastKnownFileType = sourcecode.swift; path = Service.swift; sourceTree = "<group>"; };
		4336E66127F17B6E00F71EA8 /* Music.swift */ = {isa = PBXFileReference; fileEncoding = 4; lastKnownFileType = sourcecode.swift; name = Music.swift; path = FLO/Service/Music.swift; sourceTree = SOURCE_ROOT; };
		438FBA7627E1BFC7006989E7 /* ViewModel.swift */ = {isa = PBXFileReference; lastKnownFileType = sourcecode.swift; path = ViewModel.swift; sourceTree = "<group>"; };
		438FBA7B27E2429D006989E7 /* Observable.swift */ = {isa = PBXFileReference; lastKnownFileType = sourcecode.swift; path = Observable.swift; sourceTree = "<group>"; };
		438FBA7D27E25727006989E7 /* MusicPlayer.swift */ = {isa = PBXFileReference; lastKnownFileType = sourcecode.swift; path = MusicPlayer.swift; sourceTree = "<group>"; };
		439690D627DF2D02001A8626 /* Router.swift */ = {isa = PBXFileReference; lastKnownFileType = sourcecode.swift; path = Router.swift; sourceTree = "<group>"; };
/* End PBXFileReference section */

/* Begin PBXFrameworksBuildPhase section */
		432C0D5A27DBC6F10024A667 /* Frameworks */ = {
			isa = PBXFrameworksBuildPhase;
			buildActionMask = 2147483647;
			files = (
				438FBA7A27E1ED6D006989E7 /* MarqueeLabel in Frameworks */,
				4336E66527F17C0500F71EA8 /* Lottie in Frameworks */,
			);
			runOnlyForDeploymentPostprocessing = 0;
		};
		432C0D7027DBC6F20024A667 /* Frameworks */ = {
			isa = PBXFrameworksBuildPhase;
			buildActionMask = 2147483647;
			files = (
			);
			runOnlyForDeploymentPostprocessing = 0;
		};
		432C0D7A27DBC6F20024A667 /* Frameworks */ = {
			isa = PBXFrameworksBuildPhase;
			buildActionMask = 2147483647;
			files = (
			);
			runOnlyForDeploymentPostprocessing = 0;
		};
/* End PBXFrameworksBuildPhase section */

/* Begin PBXGroup section */
		432C0D5427DBC6F10024A667 = {
			isa = PBXGroup;
			children = (
				432C0D5F27DBC6F10024A667 /* FLO */,
				432C0D7627DBC6F20024A667 /* FLOTests */,
				432C0D8027DBC6F20024A667 /* FLOUITests */,
				432C0D5E27DBC6F10024A667 /* Products */,
			);
			sourceTree = "<group>";
		};
		432C0D5E27DBC6F10024A667 /* Products */ = {
			isa = PBXGroup;
			children = (
				432C0D5D27DBC6F10024A667 /* FLO.app */,
				432C0D7327DBC6F20024A667 /* FLOTests.xctest */,
				432C0D7D27DBC6F20024A667 /* FLOUITests.xctest */,
			);
			name = Products;
			sourceTree = "<group>";
		};
		432C0D5F27DBC6F10024A667 /* FLO */ = {
			isa = PBXGroup;
			children = (
				4336E65F27F17AAA00F71EA8 /* App */,
				4336E65E27F17AA000F71EA8 /* View */,
				4336E65D27F17A9500F71EA8 /* ViewModel */,
				439690D527DF2CDF001A8626 /* Router */,
				432C0D9727DBDB990024A667 /* Service */,
				4336E65B27F17A2C00F71EA8 /* Repository */,
				4336E66027F17B4000F71EA8 /* Model */,
				432C0D6927DBC6F20024A667 /* Assets.xcassets */,
				432C0D6E27DBC6F20024A667 /* Info.plist */,
			);
			path = FLO;
			sourceTree = "<group>";
		};
		432C0D7627DBC6F20024A667 /* FLOTests */ = {
			isa = PBXGroup;
			children = (
				432C0D7727DBC6F20024A667 /* FLOTests.swift */,
			);
			path = FLOTests;
			sourceTree = "<group>";
		};
		432C0D8027DBC6F20024A667 /* FLOUITests */ = {
			isa = PBXGroup;
			children = (
				432C0D8127DBC6F20024A667 /* FLOUITests.swift */,
				432C0D8327DBC6F20024A667 /* FLOUITestsLaunchTests.swift */,
			);
			path = FLOUITests;
			sourceTree = "<group>";
		};
		432C0D9727DBDB990024A667 /* Service */ = {
			isa = PBXGroup;
			children = (
				432C0D9A27DBE4FA0024A667 /* Service.swift */,
			);
			path = Service;
			sourceTree = "<group>";
		};
		4336E65B27F17A2C00F71EA8 /* Repository */ = {
			isa = PBXGroup;
			children = (
				432C0D9827DBDD2F0024A667 /* Repository.swift */,
			);
			path = Repository;
			sourceTree = "<group>";
		};
		4336E65D27F17A9500F71EA8 /* ViewModel */ = {
			isa = PBXGroup;
			children = (
				438FBA7D27E25727006989E7 /* MusicPlayer.swift */,
				438FBA7627E1BFC7006989E7 /* ViewModel.swift */,
				438FBA7B27E2429D006989E7 /* Observable.swift */,
			);
			path = ViewModel;
			sourceTree = "<group>";
		};
		4336E65E27F17AA000F71EA8 /* View */ = {
			isa = PBXGroup;
			children = (
				432C0D6427DBC6F10024A667 /* ViewController.swift */,
				432C0D6627DBC6F10024A667 /* Main.storyboard */,
				432C0D6B27DBC6F20024A667 /* LaunchScreen.storyboard */,
			);
			path = View;
			sourceTree = "<group>";
		};
		4336E65F27F17AAA00F71EA8 /* App */ = {
			isa = PBXGroup;
			children = (
				432C0D6027DBC6F10024A667 /* AppDelegate.swift */,
				432C0D6227DBC6F10024A667 /* SceneDelegate.swift */,
			);
			path = App;
			sourceTree = "<group>";
		};
		4336E66027F17B4000F71EA8 /* Model */ = {
			isa = PBXGroup;
			children = (
				4336E66127F17B6E00F71EA8 /* Music.swift */,
			);
			path = Model;
			sourceTree = "<group>";
		};
		439690D527DF2CDF001A8626 /* Router */ = {
			isa = PBXGroup;
			children = (
				439690D627DF2D02001A8626 /* Router.swift */,
			);
			path = Router;
			sourceTree = "<group>";
		};
/* End PBXGroup section */

/* Begin PBXNativeTarget section */
		432C0D5C27DBC6F10024A667 /* FLO */ = {
			isa = PBXNativeTarget;
			buildConfigurationList = 432C0D8727DBC6F20024A667 /* Build configuration list for PBXNativeTarget "FLO" */;
			buildPhases = (
				432C0D5927DBC6F10024A667 /* Sources */,
				432C0D5A27DBC6F10024A667 /* Frameworks */,
				432C0D5B27DBC6F10024A667 /* Resources */,
			);
			buildRules = (
			);
			dependencies = (
			);
			name = FLO;
			packageProductDependencies = (
				438FBA7927E1ED6D006989E7 /* MarqueeLabel */,
				4336E66427F17C0500F71EA8 /* Lottie */,
			);
			productName = FLO;
			productReference = 432C0D5D27DBC6F10024A667 /* FLO.app */;
			productType = "com.apple.product-type.application";
		};
		432C0D7227DBC6F20024A667 /* FLOTests */ = {
			isa = PBXNativeTarget;
			buildConfigurationList = 432C0D8A27DBC6F20024A667 /* Build configuration list for PBXNativeTarget "FLOTests" */;
			buildPhases = (
				432C0D6F27DBC6F20024A667 /* Sources */,
				432C0D7027DBC6F20024A667 /* Frameworks */,
				432C0D7127DBC6F20024A667 /* Resources */,
			);
			buildRules = (
			);
			dependencies = (
				432C0D7527DBC6F20024A667 /* PBXTargetDependency */,
			);
			name = FLOTests;
			productName = FLOTests;
			productReference = 432C0D7327DBC6F20024A667 /* FLOTests.xctest */;
			productType = "com.apple.product-type.bundle.unit-test";
		};
		432C0D7C27DBC6F20024A667 /* FLOUITests */ = {
			isa = PBXNativeTarget;
			buildConfigurationList = 432C0D8D27DBC6F20024A667 /* Build configuration list for PBXNativeTarget "FLOUITests" */;
			buildPhases = (
				432C0D7927DBC6F20024A667 /* Sources */,
				432C0D7A27DBC6F20024A667 /* Frameworks */,
				432C0D7B27DBC6F20024A667 /* Resources */,
			);
			buildRules = (
			);
			dependencies = (
				432C0D7F27DBC6F20024A667 /* PBXTargetDependency */,
			);
			name = FLOUITests;
			productName = FLOUITests;
			productReference = 432C0D7D27DBC6F20024A667 /* FLOUITests.xctest */;
			productType = "com.apple.product-type.bundle.ui-testing";
		};
/* End PBXNativeTarget section */

/* Begin PBXProject section */
		432C0D5527DBC6F10024A667 /* Project object */ = {
			isa = PBXProject;
			attributes = {
				BuildIndependentTargetsInParallel = 1;
				LastSwiftUpdateCheck = 1320;
				LastUpgradeCheck = 1320;
				TargetAttributes = {
					432C0D5C27DBC6F10024A667 = {
						CreatedOnToolsVersion = 13.2.1;
					};
					432C0D7227DBC6F20024A667 = {
						CreatedOnToolsVersion = 13.2.1;
						TestTargetID = 432C0D5C27DBC6F10024A667;
					};
					432C0D7C27DBC6F20024A667 = {
						CreatedOnToolsVersion = 13.2.1;
						TestTargetID = 432C0D5C27DBC6F10024A667;
					};
				};
			};
			buildConfigurationList = 432C0D5827DBC6F10024A667 /* Build configuration list for PBXProject "FLO" */;
			compatibilityVersion = "Xcode 13.0";
			developmentRegion = en;
			hasScannedForEncodings = 0;
			knownRegions = (
				en,
				Base,
			);
			mainGroup = 432C0D5427DBC6F10024A667;
			packageReferences = (
				438FBA7827E1ED6D006989E7 /* XCRemoteSwiftPackageReference "MarqueeLabel" */,
				4336E66327F17C0500F71EA8 /* XCRemoteSwiftPackageReference "lottie-ios" */,
			);
			productRefGroup = 432C0D5E27DBC6F10024A667 /* Products */;
			projectDirPath = "";
			projectRoot = "";
			targets = (
				432C0D5C27DBC6F10024A667 /* FLO */,
				432C0D7227DBC6F20024A667 /* FLOTests */,
				432C0D7C27DBC6F20024A667 /* FLOUITests */,
			);
		};
/* End PBXProject section */

/* Begin PBXResourcesBuildPhase section */
		432C0D5B27DBC6F10024A667 /* Resources */ = {
			isa = PBXResourcesBuildPhase;
			buildActionMask = 2147483647;
			files = (
				432C0D6D27DBC6F20024A667 /* LaunchScreen.storyboard in Resources */,
				432C0D6A27DBC6F20024A667 /* Assets.xcassets in Resources */,
				432C0D6827DBC6F10024A667 /* Main.storyboard in Resources */,
			);
			runOnlyForDeploymentPostprocessing = 0;
		};
		432C0D7127DBC6F20024A667 /* Resources */ = {
			isa = PBXResourcesBuildPhase;
			buildActionMask = 2147483647;
			files = (
			);
			runOnlyForDeploymentPostprocessing = 0;
		};
		432C0D7B27DBC6F20024A667 /* Resources */ = {
			isa = PBXResourcesBuildPhase;
			buildActionMask = 2147483647;
			files = (
			);
			runOnlyForDeploymentPostprocessing = 0;
		};
/* End PBXResourcesBuildPhase section */

/* Begin PBXSourcesBuildPhase section */
		432C0D5927DBC6F10024A667 /* Sources */ = {
			isa = PBXSourcesBuildPhase;
			buildActionMask = 2147483647;
			files = (
				432C0D6527DBC6F10024A667 /* ViewController.swift in Sources */,
				432C0D6127DBC6F10024A667 /* AppDelegate.swift in Sources */,
				432C0D6327DBC6F10024A667 /* SceneDelegate.swift in Sources */,
				439690D727DF2D02001A8626 /* Router.swift in Sources */,
				438FBA7C27E2429D006989E7 /* Observable.swift in Sources */,
				432C0D9927DBDD2F0024A667 /* Repository.swift in Sources */,
				438FBA7727E1BFC7006989E7 /* ViewModel.swift in Sources */,
				4336E66227F17B6E00F71EA8 /* Music.swift in Sources */,
				438FBA7E27E25727006989E7 /* MusicPlayer.swift in Sources */,
				432C0D9B27DBE4FA0024A667 /* Service.swift in Sources */,
			);
			runOnlyForDeploymentPostprocessing = 0;
		};
		432C0D6F27DBC6F20024A667 /* Sources */ = {
			isa = PBXSourcesBuildPhase;
			buildActionMask = 2147483647;
			files = (
				432C0D7827DBC6F20024A667 /* FLOTests.swift in Sources */,
			);
			runOnlyForDeploymentPostprocessing = 0;
		};
		432C0D7927DBC6F20024A667 /* Sources */ = {
			isa = PBXSourcesBuildPhase;
			buildActionMask = 2147483647;
			files = (
				432C0D8427DBC6F20024A667 /* FLOUITestsLaunchTests.swift in Sources */,
				432C0D8227DBC6F20024A667 /* FLOUITests.swift in Sources */,
			);
			runOnlyForDeploymentPostprocessing = 0;
		};
/* End PBXSourcesBuildPhase section */

/* Begin PBXTargetDependency section */
		432C0D7527DBC6F20024A667 /* PBXTargetDependency */ = {
			isa = PBXTargetDependency;
			target = 432C0D5C27DBC6F10024A667 /* FLO */;
			targetProxy = 432C0D7427DBC6F20024A667 /* PBXContainerItemProxy */;
		};
		432C0D7F27DBC6F20024A667 /* PBXTargetDependency */ = {
			isa = PBXTargetDependency;
			target = 432C0D5C27DBC6F10024A667 /* FLO */;
			targetProxy = 432C0D7E27DBC6F20024A667 /* PBXContainerItemProxy */;
		};
/* End PBXTargetDependency section */

/* Begin PBXVariantGroup section */
		432C0D6627DBC6F10024A667 /* Main.storyboard */ = {
			isa = PBXVariantGroup;
			children = (
				432C0D6727DBC6F10024A667 /* Base */,
			);
			name = Main.storyboard;
			sourceTree = "<group>";
		};
		432C0D6B27DBC6F20024A667 /* LaunchScreen.storyboard */ = {
			isa = PBXVariantGroup;
			children = (
				432C0D6C27DBC6F20024A667 /* Base */,
			);
			name = LaunchScreen.storyboard;
			sourceTree = "<group>";
		};
/* End PBXVariantGroup section */

/* Begin XCBuildConfiguration section */
		432C0D8527DBC6F20024A667 /* Debug */ = {
			isa = XCBuildConfiguration;
			buildSettings = {
				ALWAYS_SEARCH_USER_PATHS = NO;
				CLANG_ANALYZER_NONNULL = YES;
				CLANG_ANALYZER_NUMBER_OBJECT_CONVERSION = YES_AGGRESSIVE;
				CLANG_CXX_LANGUAGE_STANDARD = "gnu++17";
				CLANG_CXX_LIBRARY = "libc++";
				CLANG_ENABLE_MODULES = YES;
				CLANG_ENABLE_OBJC_ARC = YES;
				CLANG_ENABLE_OBJC_WEAK = YES;
				CLANG_WARN_BLOCK_CAPTURE_AUTORELEASING = YES;
				CLANG_WARN_BOOL_CONVERSION = YES;
				CLANG_WARN_COMMA = YES;
				CLANG_WARN_CONSTANT_CONVERSION = YES;
				CLANG_WARN_DEPRECATED_OBJC_IMPLEMENTATIONS = YES;
				CLANG_WARN_DIRECT_OBJC_ISA_USAGE = YES_ERROR;
				CLANG_WARN_DOCUMENTATION_COMMENTS = YES;
				CLANG_WARN_EMPTY_BODY = YES;
				CLANG_WARN_ENUM_CONVERSION = YES;
				CLANG_WARN_INFINITE_RECURSION = YES;
				CLANG_WARN_INT_CONVERSION = YES;
				CLANG_WARN_NON_LITERAL_NULL_CONVERSION = YES;
				CLANG_WARN_OBJC_IMPLICIT_RETAIN_SELF = YES;
				CLANG_WARN_OBJC_LITERAL_CONVERSION = YES;
				CLANG_WARN_OBJC_ROOT_CLASS = YES_ERROR;
				CLANG_WARN_QUOTED_INCLUDE_IN_FRAMEWORK_HEADER = YES;
				CLANG_WARN_RANGE_LOOP_ANALYSIS = YES;
				CLANG_WARN_STRICT_PROTOTYPES = YES;
				CLANG_WARN_SUSPICIOUS_MOVE = YES;
				CLANG_WARN_UNGUARDED_AVAILABILITY = YES_AGGRESSIVE;
				CLANG_WARN_UNREACHABLE_CODE = YES;
				CLANG_WARN__DUPLICATE_METHOD_MATCH = YES;
				COPY_PHASE_STRIP = NO;
				DEBUG_INFORMATION_FORMAT = dwarf;
				ENABLE_STRICT_OBJC_MSGSEND = YES;
				ENABLE_TESTABILITY = YES;
				GCC_C_LANGUAGE_STANDARD = gnu11;
				GCC_DYNAMIC_NO_PIC = NO;
				GCC_NO_COMMON_BLOCKS = YES;
				GCC_OPTIMIZATION_LEVEL = 0;
				GCC_PREPROCESSOR_DEFINITIONS = (
					"DEBUG=1",
					"$(inherited)",
				);
				GCC_WARN_64_TO_32_BIT_CONVERSION = YES;
				GCC_WARN_ABOUT_RETURN_TYPE = YES_ERROR;
				GCC_WARN_UNDECLARED_SELECTOR = YES;
				GCC_WARN_UNINITIALIZED_AUTOS = YES_AGGRESSIVE;
				GCC_WARN_UNUSED_FUNCTION = YES;
				GCC_WARN_UNUSED_VARIABLE = YES;
				IPHONEOS_DEPLOYMENT_TARGET = 15.2;
				MTL_ENABLE_DEBUG_INFO = INCLUDE_SOURCE;
				MTL_FAST_MATH = YES;
				ONLY_ACTIVE_ARCH = YES;
				SDKROOT = iphoneos;
				SWIFT_ACTIVE_COMPILATION_CONDITIONS = DEBUG;
				SWIFT_OPTIMIZATION_LEVEL = "-Onone";
			};
			name = Debug;
		};
		432C0D8627DBC6F20024A667 /* Release */ = {
			isa = XCBuildConfiguration;
			buildSettings = {
				ALWAYS_SEARCH_USER_PATHS = NO;
				CLANG_ANALYZER_NONNULL = YES;
				CLANG_ANALYZER_NUMBER_OBJECT_CONVERSION = YES_AGGRESSIVE;
				CLANG_CXX_LANGUAGE_STANDARD = "gnu++17";
				CLANG_CXX_LIBRARY = "libc++";
				CLANG_ENABLE_MODULES = YES;
				CLANG_ENABLE_OBJC_ARC = YES;
				CLANG_ENABLE_OBJC_WEAK = YES;
				CLANG_WARN_BLOCK_CAPTURE_AUTORELEASING = YES;
				CLANG_WARN_BOOL_CONVERSION = YES;
				CLANG_WARN_COMMA = YES;
				CLANG_WARN_CONSTANT_CONVERSION = YES;
				CLANG_WARN_DEPRECATED_OBJC_IMPLEMENTATIONS = YES;
				CLANG_WARN_DIRECT_OBJC_ISA_USAGE = YES_ERROR;
				CLANG_WARN_DOCUMENTATION_COMMENTS = YES;
				CLANG_WARN_EMPTY_BODY = YES;
				CLANG_WARN_ENUM_CONVERSION = YES;
				CLANG_WARN_INFINITE_RECURSION = YES;
				CLANG_WARN_INT_CONVERSION = YES;
				CLANG_WARN_NON_LITERAL_NULL_CONVERSION = YES;
				CLANG_WARN_OBJC_IMPLICIT_RETAIN_SELF = YES;
				CLANG_WARN_OBJC_LITERAL_CONVERSION = YES;
				CLANG_WARN_OBJC_ROOT_CLASS = YES_ERROR;
				CLANG_WARN_QUOTED_INCLUDE_IN_FRAMEWORK_HEADER = YES;
				CLANG_WARN_RANGE_LOOP_ANALYSIS = YES;
				CLANG_WARN_STRICT_PROTOTYPES = YES;
				CLANG_WARN_SUSPICIOUS_MOVE = YES;
				CLANG_WARN_UNGUARDED_AVAILABILITY = YES_AGGRESSIVE;
				CLANG_WARN_UNREACHABLE_CODE = YES;
				CLANG_WARN__DUPLICATE_METHOD_MATCH = YES;
				COPY_PHASE_STRIP = NO;
				DEBUG_INFORMATION_FORMAT = "dwarf-with-dsym";
				ENABLE_NS_ASSERTIONS = NO;
				ENABLE_STRICT_OBJC_MSGSEND = YES;
				GCC_C_LANGUAGE_STANDARD = gnu11;
				GCC_NO_COMMON_BLOCKS = YES;
				GCC_WARN_64_TO_32_BIT_CONVERSION = YES;
				GCC_WARN_ABOUT_RETURN_TYPE = YES_ERROR;
				GCC_WARN_UNDECLARED_SELECTOR = YES;
				GCC_WARN_UNINITIALIZED_AUTOS = YES_AGGRESSIVE;
				GCC_WARN_UNUSED_FUNCTION = YES;
				GCC_WARN_UNUSED_VARIABLE = YES;
				IPHONEOS_DEPLOYMENT_TARGET = 15.2;
				MTL_ENABLE_DEBUG_INFO = NO;
				MTL_FAST_MATH = YES;
				SDKROOT = iphoneos;
				SWIFT_COMPILATION_MODE = wholemodule;
				SWIFT_OPTIMIZATION_LEVEL = "-O";
				VALIDATE_PRODUCT = YES;
			};
			name = Release;
		};
		432C0D8827DBC6F20024A667 /* Debug */ = {
			isa = XCBuildConfiguration;
			buildSettings = {
				ASSETCATALOG_COMPILER_APPICON_NAME = AppIcon;
				ASSETCATALOG_COMPILER_GLOBAL_ACCENT_COLOR_NAME = AccentColor;
				CODE_SIGN_STYLE = Automatic;
				CURRENT_PROJECT_VERSION = 1;
				DEVELOPMENT_TEAM = QPQ25C8RHP;
				GENERATE_INFOPLIST_FILE = YES;
				INFOPLIST_FILE = FLO/Info.plist;
				INFOPLIST_KEY_UIApplicationSupportsIndirectInputEvents = YES;
				INFOPLIST_KEY_UILaunchStoryboardName = LaunchScreen;
				INFOPLIST_KEY_UISupportedInterfaceOrientations_iPad = "UIInterfaceOrientationPortrait UIInterfaceOrientationPortraitUpsideDown UIInterfaceOrientationLandscapeLeft UIInterfaceOrientationLandscapeRight";
				INFOPLIST_KEY_UISupportedInterfaceOrientations_iPhone = "UIInterfaceOrientationPortrait UIInterfaceOrientationLandscapeLeft UIInterfaceOrientationLandscapeRight";
				IPHONEOS_DEPLOYMENT_TARGET = 13.0;
				LD_RUNPATH_SEARCH_PATHS = (
					"$(inherited)",
					"@executable_path/Frameworks",
				);
				MARKETING_VERSION = 1.0;
				PRODUCT_BUNDLE_IDENTIFIER = com.yun.FLO;
				PRODUCT_NAME = "$(TARGET_NAME)";
				SWIFT_EMIT_LOC_STRINGS = YES;
				SWIFT_VERSION = 5.0;
				TARGETED_DEVICE_FAMILY = "1,2";
			};
			name = Debug;
		};
		432C0D8927DBC6F20024A667 /* Release */ = {
			isa = XCBuildConfiguration;
			buildSettings = {
				ASSETCATALOG_COMPILER_APPICON_NAME = AppIcon;
				ASSETCATALOG_COMPILER_GLOBAL_ACCENT_COLOR_NAME = AccentColor;
				CODE_SIGN_STYLE = Automatic;
				CURRENT_PROJECT_VERSION = 1;
				DEVELOPMENT_TEAM = QPQ25C8RHP;
				GENERATE_INFOPLIST_FILE = YES;
				INFOPLIST_FILE = FLO/Info.plist;
				INFOPLIST_KEY_UIApplicationSupportsIndirectInputEvents = YES;
				INFOPLIST_KEY_UILaunchStoryboardName = LaunchScreen;
				INFOPLIST_KEY_UISupportedInterfaceOrientations_iPad = "UIInterfaceOrientationPortrait UIInterfaceOrientationPortraitUpsideDown UIInterfaceOrientationLandscapeLeft UIInterfaceOrientationLandscapeRight";
				INFOPLIST_KEY_UISupportedInterfaceOrientations_iPhone = "UIInterfaceOrientationPortrait UIInterfaceOrientationLandscapeLeft UIInterfaceOrientationLandscapeRight";
				IPHONEOS_DEPLOYMENT_TARGET = 13.0;
				LD_RUNPATH_SEARCH_PATHS = (
					"$(inherited)",
					"@executable_path/Frameworks",
				);
				MARKETING_VERSION = 1.0;
				PRODUCT_BUNDLE_IDENTIFIER = com.yun.FLO;
				PRODUCT_NAME = "$(TARGET_NAME)";
				SWIFT_EMIT_LOC_STRINGS = YES;
				SWIFT_VERSION = 5.0;
				TARGETED_DEVICE_FAMILY = "1,2";
			};
			name = Release;
		};
		432C0D8B27DBC6F20024A667 /* Debug */ = {
			isa = XCBuildConfiguration;
			buildSettings = {
				ALWAYS_EMBED_SWIFT_STANDARD_LIBRARIES = YES;
				BUNDLE_LOADER = "$(TEST_HOST)";
				CODE_SIGN_STYLE = Automatic;
				CURRENT_PROJECT_VERSION = 1;
				DEVELOPMENT_TEAM = QPQ25C8RHP;
				GENERATE_INFOPLIST_FILE = YES;
				IPHONEOS_DEPLOYMENT_TARGET = 15.2;
				MARKETING_VERSION = 1.0;
				PRODUCT_BUNDLE_IDENTIFIER = com.yun.FLOTests;
				PRODUCT_NAME = "$(TARGET_NAME)";
				SWIFT_EMIT_LOC_STRINGS = NO;
				SWIFT_VERSION = 5.0;
				TARGETED_DEVICE_FAMILY = "1,2";
				TEST_HOST = "$(BUILT_PRODUCTS_DIR)/FLO.app/FLO";
			};
			name = Debug;
		};
		432C0D8C27DBC6F20024A667 /* Release */ = {
			isa = XCBuildConfiguration;
			buildSettings = {
				ALWAYS_EMBED_SWIFT_STANDARD_LIBRARIES = YES;
				BUNDLE_LOADER = "$(TEST_HOST)";
				CODE_SIGN_STYLE = Automatic;
				CURRENT_PROJECT_VERSION = 1;
				DEVELOPMENT_TEAM = QPQ25C8RHP;
				GENERATE_INFOPLIST_FILE = YES;
				IPHONEOS_DEPLOYMENT_TARGET = 15.2;
				MARKETING_VERSION = 1.0;
				PRODUCT_BUNDLE_IDENTIFIER = com.yun.FLOTests;
				PRODUCT_NAME = "$(TARGET_NAME)";
				SWIFT_EMIT_LOC_STRINGS = NO;
				SWIFT_VERSION = 5.0;
				TARGETED_DEVICE_FAMILY = "1,2";
				TEST_HOST = "$(BUILT_PRODUCTS_DIR)/FLO.app/FLO";
			};
			name = Release;
		};
		432C0D8E27DBC6F20024A667 /* Debug */ = {
			isa = XCBuildConfiguration;
			buildSettings = {
				ALWAYS_EMBED_SWIFT_STANDARD_LIBRARIES = YES;
				CODE_SIGN_STYLE = Automatic;
				CURRENT_PROJECT_VERSION = 1;
				DEVELOPMENT_TEAM = QPQ25C8RHP;
				GENERATE_INFOPLIST_FILE = YES;
				MARKETING_VERSION = 1.0;
				PRODUCT_BUNDLE_IDENTIFIER = com.yun.FLOUITests;
				PRODUCT_NAME = "$(TARGET_NAME)";
				SWIFT_EMIT_LOC_STRINGS = NO;
				SWIFT_VERSION = 5.0;
				TARGETED_DEVICE_FAMILY = "1,2";
				TEST_TARGET_NAME = FLO;
			};
			name = Debug;
		};
		432C0D8F27DBC6F20024A667 /* Release */ = {
			isa = XCBuildConfiguration;
			buildSettings = {
				ALWAYS_EMBED_SWIFT_STANDARD_LIBRARIES = YES;
				CODE_SIGN_STYLE = Automatic;
				CURRENT_PROJECT_VERSION = 1;
				DEVELOPMENT_TEAM = QPQ25C8RHP;
				GENERATE_INFOPLIST_FILE = YES;
				MARKETING_VERSION = 1.0;
				PRODUCT_BUNDLE_IDENTIFIER = com.yun.FLOUITests;
				PRODUCT_NAME = "$(TARGET_NAME)";
				SWIFT_EMIT_LOC_STRINGS = NO;
				SWIFT_VERSION = 5.0;
				TARGETED_DEVICE_FAMILY = "1,2";
				TEST_TARGET_NAME = FLO;
			};
			name = Release;
		};
/* End XCBuildConfiguration section */

/* Begin XCConfigurationList section */
		432C0D5827DBC6F10024A667 /* Build configuration list for PBXProject "FLO" */ = {
			isa = XCConfigurationList;
			buildConfigurations = (
				432C0D8527DBC6F20024A667 /* Debug */,
				432C0D8627DBC6F20024A667 /* Release */,
			);
			defaultConfigurationIsVisible = 0;
			defaultConfigurationName = Release;
		};
		432C0D8727DBC6F20024A667 /* Build configuration list for PBXNativeTarget "FLO" */ = {
			isa = XCConfigurationList;
			buildConfigurations = (
				432C0D8827DBC6F20024A667 /* Debug */,
				432C0D8927DBC6F20024A667 /* Release */,
			);
			defaultConfigurationIsVisible = 0;
			defaultConfigurationName = Release;
		};
		432C0D8A27DBC6F20024A667 /* Build configuration list for PBXNativeTarget "FLOTests" */ = {
			isa = XCConfigurationList;
			buildConfigurations = (
				432C0D8B27DBC6F20024A667 /* Debug */,
				432C0D8C27DBC6F20024A667 /* Release */,
			);
			defaultConfigurationIsVisible = 0;
			defaultConfigurationName = Release;
		};
		432C0D8D27DBC6F20024A667 /* Build configuration list for PBXNativeTarget "FLOUITests" */ = {
			isa = XCConfigurationList;
			buildConfigurations = (
				432C0D8E27DBC6F20024A667 /* Debug */,
				432C0D8F27DBC6F20024A667 /* Release */,
			);
			defaultConfigurationIsVisible = 0;
			defaultConfigurationName = Release;
		};
/* End XCConfigurationList section */

/* Begin XCRemoteSwiftPackageReference section */
		4336E66327F17C0500F71EA8 /* XCRemoteSwiftPackageReference "lottie-ios" */ = {
			isa = XCRemoteSwiftPackageReference;
			repositoryURL = "https://github.com/airbnb/lottie-ios";
			requirement = {
				branch = master;
				kind = branch;
			};
		};
		438FBA7827E1ED6D006989E7 /* XCRemoteSwiftPackageReference "MarqueeLabel" */ = {
			isa = XCRemoteSwiftPackageReference;
			repositoryURL = "https://github.com/cbpowell/MarqueeLabel";
			requirement = {
				kind = upToNextMajorVersion;
				minimumVersion = 4.0.0;
			};
		};
/* End XCRemoteSwiftPackageReference section */

/* Begin XCSwiftPackageProductDependency section */
		4336E66427F17C0500F71EA8 /* Lottie */ = {
			isa = XCSwiftPackageProductDependency;
			package = 4336E66327F17C0500F71EA8 /* XCRemoteSwiftPackageReference "lottie-ios" */;
			productName = Lottie;
		};
		438FBA7927E1ED6D006989E7 /* MarqueeLabel */ = {
			isa = XCSwiftPackageProductDependency;
			package = 438FBA7827E1ED6D006989E7 /* XCRemoteSwiftPackageReference "MarqueeLabel" */;
			productName = MarqueeLabel;
		};
/* End XCSwiftPackageProductDependency section */
	};
	rootObject = 432C0D5527DBC6F10024A667 /* Project object */;
}
